
Microsoft Visual Studio Solution File, Format Version 12.00
# Visual Studio Version 17
VisualStudioVersion = 17.3.32825.248
MinimumVisualStudioVersion = 10.0.40219.1
Project("{FAE04EC0-301F-11D3-BF4B-00C04F79EFBC}") = "Ultra_mega_calculator", "Ultra_mega_calculator\Ultra_mega_calculator.csproj", "{382C1576-C444-4873-8B66-93A25D07588D}"
EndProject
Global
	GlobalSection(SolutionConfigurationPlatforms) = preSolution
		Debug|Any CPU = Debug|Any CPU
		Release|Any CPU = Release|Any CPU
	EndGlobalSection
	GlobalSection(ProjectConfigurationPlatforms) = postSolution
		{382C1576-C444-4873-8B66-93A25D07588D}.Debug|Any CPU.ActiveCfg = Debug|Any CPU
		{382C1576-C444-4873-8B66-93A25D07588D}.Debug|Any CPU.Build.0 = Debug|Any CPU
		{382C1576-C444-4873-8B66-93A25D07588D}.Release|Any CPU.ActiveCfg = Release|Any CPU
		{382C1576-C444-4873-8B66-93A25D07588D}.Release|Any CPU.Build.0 = Release|Any CPU
	EndGlobalSection
	GlobalSection(SolutionProperties) = preSolution
		HideSolutionNode = FALSE
	EndGlobalSection
	GlobalSection(ExtensibilityGlobals) = postSolution
		SolutionGuid = {8192F510-3775-4731-A1A2-E17018B65FDC}
	EndGlobalSection
EndGlobal
